// !$*UTF8*$!
{
	archiveVersion = 1;
	classes = {
	};
	objectVersion = 46;
	objects = {

/* Begin PBXBuildFile section */
		16BA95420A7EB2EB001E4983 /* VNCServerPlugIn.m in Sources */ = {isa = PBXBuildFile; fileRef = 16BA95410A7EB2EB001E4983 /* VNCServerPlugIn.m */; };
		16BA96310A7EB9AC001E4983 /* Quartz.framework in Frameworks */ = {isa = PBXBuildFile; fileRef = 16BA96300A7EB9AC001E4983 /* Quartz.framework */; };
		7238D5520DB6988600E9A42D /* Settings.xib in Resources */ = {isa = PBXBuildFile; fileRef = 7238D5500DB6988600E9A42D /* Settings.xib */; };
		8D5B49B4048680CD000E48DA /* Cocoa.framework in Frameworks */ = {isa = PBXBuildFile; fileRef = 1058C7ADFEA557BF11CA2CBB /* Cocoa.framework */; };
		EB2A15801128A6A700353B43 /* VNCServer.m in Sources */ = {isa = PBXBuildFile; fileRef = EB2A157F1128A6A700353B43 /* VNCServer.m */; };
		EB9F7A6A15313929005F3219 /* libjpeg.8.dylib in Copy Frameworks */ = {isa = PBXBuildFile; fileRef = EB9F7A5D153137C2005F3219 /* libjpeg.8.dylib */; };
		EB9F7A6B1531392C005F3219 /* libvncserver.dylib in Copy Frameworks */ = {isa = PBXBuildFile; fileRef = EB9F7A5E153137C2005F3219 /* libvncserver.dylib */; };
		EB9F7A6C15313F45005F3219 /* libjpeg.8.dylib in Frameworks */ = {isa = PBXBuildFile; fileRef = EB9F7A5D153137C2005F3219 /* libjpeg.8.dylib */; };
		EB9F7A6D15313F45005F3219 /* libvncserver.dylib in Frameworks */ = {isa = PBXBuildFile; fileRef = EB9F7A5E153137C2005F3219 /* libvncserver.dylib */; };
		EB9F7A7815314263005F3219 /* VNC Server.plugin in CopyFiles */ = {isa = PBXBuildFile; fileRef = 8D5B49B6048680CD000E48DA /* VNC Server.plugin */; };
		EBD66FDE112CD4BE00335393 /* VNCServerPlugIn.xml in Resources */ = {isa = PBXBuildFile; fileRef = EBD66FDD112CD4BE00335393 /* VNCServerPlugIn.xml */; };
		EBD66FFE112CDD8300335393 /* QCXPlugIn.m in Sources */ = {isa = PBXBuildFile; fileRef = EBD66FEB112CD5E700335393 /* QCXPlugIn.m */; };
/* End PBXBuildFile section */

/* Begin PBXCopyFilesBuildPhase section */
		EB9F7A7715314245005F3219 /* CopyFiles */ = {
			isa = PBXCopyFilesBuildPhase;
			buildActionMask = 2147483647;
			dstPath = "$HOME/Library/Graphics/Quartz Composer Plug-Ins";
			dstSubfolderSpec = 0;
			files = (
				EB9F7A7815314263005F3219 /* VNC Server.plugin in CopyFiles */,
			);
			runOnlyForDeploymentPostprocessing = 0;
		};
		EBD6708C112CEEEB00335393 /* Copy Frameworks */ = {
			isa = PBXCopyFilesBuildPhase;
			buildActionMask = 2147483647;
			dstPath = "";
			dstSubfolderSpec = 10;
			files = (
				EB9F7A6A15313929005F3219 /* libjpeg.8.dylib in Copy Frameworks */,
				EB9F7A6B1531392C005F3219 /* libvncserver.dylib in Copy Frameworks */,
			);
			name = "Copy Frameworks";
			runOnlyForDeploymentPostprocessing = 0;
		};
/* End PBXCopyFilesBuildPhase section */

/* Begin PBXFileReference section */
		1058C7ADFEA557BF11CA2CBB /* Cocoa.framework */ = {isa = PBXFileReference; lastKnownFileType = wrapper.framework; name = Cocoa.framework; path = /System/Library/Frameworks/Cocoa.framework; sourceTree = "<absolute>"; };
		16AA5C440A7EEE7300888E31 /* VNC Server_Prefix.pch */ = {isa = PBXFileReference; fileEncoding = 30; lastKnownFileType = sourcecode.c.h; path = "VNC Server_Prefix.pch"; sourceTree = "<group>"; };
		16BA95400A7EB2EB001E4983 /* VNCServerPlugIn.h */ = {isa = PBXFileReference; fileEncoding = 30; lastKnownFileType = sourcecode.c.h; path = VNCServerPlugIn.h; sourceTree = "<group>"; };
		16BA95410A7EB2EB001E4983 /* VNCServerPlugIn.m */ = {isa = PBXFileReference; fileEncoding = 30; lastKnownFileType = sourcecode.c.objc; path = VNCServerPlugIn.m; sourceTree = "<group>"; };
		16BA96300A7EB9AC001E4983 /* Quartz.framework */ = {isa = PBXFileReference; lastKnownFileType = wrapper.framework; name = Quartz.framework; path = /System/Library/Frameworks/Quartz.framework; sourceTree = "<absolute>"; };
		7238D5510DB6988600E9A42D /* English */ = {isa = PBXFileReference; lastKnownFileType = file.xib; name = English; path = English.lproj/Settings.xib; sourceTree = "<group>"; };
		8D5B49B6048680CD000E48DA /* VNC Server.plugin */ = {isa = PBXFileReference; explicitFileType = wrapper.cfbundle; includeInIndex = 0; path = "VNC Server.plugin"; sourceTree = BUILT_PRODUCTS_DIR; };
		8D5B49B7048680CD000E48DA /* Info.plist */ = {isa = PBXFileReference; fileEncoding = 4; lastKnownFileType = text.plist.xml; path = Info.plist; sourceTree = "<group>"; };
		EB2A157E1128A6A700353B43 /* VNCServer.h */ = {isa = PBXFileReference; fileEncoding = 4; lastKnownFileType = sourcecode.c.h; path = VNCServer.h; sourceTree = "<group>"; };
		EB2A157F1128A6A700353B43 /* VNCServer.m */ = {isa = PBXFileReference; fileEncoding = 4; lastKnownFileType = sourcecode.c.objc; path = VNCServer.m; sourceTree = "<group>"; };
		EB8B4219117B66EF004C4432 /* VNC Server.qtz */ = {isa = PBXFileReference; lastKnownFileType = "video.quartz-composer"; name = "VNC Server.qtz"; path = "Compositions/VNC Server.qtz"; sourceTree = "<group>"; };
		EB9F7A5C15312FB8005F3219 /* Readme.md */ = {isa = PBXFileReference; lastKnownFileType = text; path = Readme.md; sourceTree = "<group>"; };
		EB9F7A5D153137C2005F3219 /* libjpeg.8.dylib */ = {isa = PBXFileReference; lastKnownFileType = "compiled.mach-o.dylib"; name = libjpeg.8.dylib; path = lib/libjpeg.8.dylib; sourceTree = "<group>"; };
		EB9F7A5E153137C2005F3219 /* libvncserver.dylib */ = {isa = PBXFileReference; lastKnownFileType = "compiled.mach-o.dylib"; name = libvncserver.dylib; path = lib/libvncserver.dylib; sourceTree = "<group>"; };
		EB9F7A621531386D005F3219 /* default8x16.h */ = {isa = PBXFileReference; lastKnownFileType = sourcecode.c.h; name = default8x16.h; path = include/rfb/default8x16.h; sourceTree = "<group>"; };
		EB9F7A631531386D005F3219 /* keysym.h */ = {isa = PBXFileReference; lastKnownFileType = sourcecode.c.h; name = keysym.h; path = include/rfb/keysym.h; sourceTree = "<group>"; };
		EB9F7A641531386D005F3219 /* rfb.h */ = {isa = PBXFileReference; lastKnownFileType = sourcecode.c.h; name = rfb.h; path = include/rfb/rfb.h; sourceTree = "<group>"; };
		EB9F7A651531386D005F3219 /* rfbclient.h */ = {isa = PBXFileReference; lastKnownFileType = sourcecode.c.h; name = rfbclient.h; path = include/rfb/rfbclient.h; sourceTree = "<group>"; };
		EB9F7A661531386D005F3219 /* rfbconfig.h */ = {isa = PBXFileReference; lastKnownFileType = sourcecode.c.h; name = rfbconfig.h; path = include/rfb/rfbconfig.h; sourceTree = "<group>"; };
		EB9F7A671531386D005F3219 /* rfbint.h */ = {isa = PBXFileReference; lastKnownFileType = sourcecode.c.h; name = rfbint.h; path = include/rfb/rfbint.h; sourceTree = "<group>"; };
		EB9F7A681531386D005F3219 /* rfbproto.h */ = {isa = PBXFileReference; lastKnownFileType = sourcecode.c.h; name = rfbproto.h; path = include/rfb/rfbproto.h; sourceTree = "<group>"; };
		EB9F7A691531386D005F3219 /* rfbregion.h */ = {isa = PBXFileReference; lastKnownFileType = sourcecode.c.h; name = rfbregion.h; path = include/rfb/rfbregion.h; sourceTree = "<group>"; };
		EBD66FDD112CD4BE00335393 /* VNCServerPlugIn.xml */ = {isa = PBXFileReference; fileEncoding = 4; lastKnownFileType = text.xml; path = VNCServerPlugIn.xml; sourceTree = "<group>"; };
		EBD66FEA112CD58500335393 /* QCXPlugIn.h */ = {isa = PBXFileReference; fileEncoding = 4; lastKnownFileType = sourcecode.c.h; path = QCXPlugIn.h; sourceTree = "<group>"; };
		EBD66FEB112CD5E700335393 /* QCXPlugIn.m */ = {isa = PBXFileReference; fileEncoding = 4; lastKnownFileType = sourcecode.c.objc; path = QCXPlugIn.m; sourceTree = "<group>"; };
/* End PBXFileReference section */

/* Begin PBXFrameworksBuildPhase section */
		8D5B49B3048680CD000E48DA /* Frameworks */ = {
			isa = PBXFrameworksBuildPhase;
			buildActionMask = 2147483647;
			files = (
				8D5B49B4048680CD000E48DA /* Cocoa.framework in Frameworks */,
				16BA96310A7EB9AC001E4983 /* Quartz.framework in Frameworks */,
				EB9F7A6C15313F45005F3219 /* libjpeg.8.dylib in Frameworks */,
				EB9F7A6D15313F45005F3219 /* libvncserver.dylib in Frameworks */,
			);
			runOnlyForDeploymentPostprocessing = 0;
		};
/* End PBXFrameworksBuildPhase section */

/* Begin PBXGroup section */
		089C166AFE841209C02AAC07 /* Quartz Composer Plug In */ = {
			isa = PBXGroup;
			children = (
				EB8B4214117B66A0004C4432 /* Compositions */,
				08FB77AFFE84173DC02AAC07 /* Classes */,
				EB9F7A6115313858005F3219 /* rfb */,
				32C88E010371C26100C91783 /* Other Sources */,
				089C167CFE841241C02AAC07 /* Resources */,
				089C1671FE841209C02AAC07 /* Frameworks */,
				19C28FB8FE9D52D311CA2CBB /* Products */,
			);
			name = "Quartz Composer Plug In";
			sourceTree = "<group>";
		};
		089C1671FE841209C02AAC07 /* Frameworks */ = {
			isa = PBXGroup;
			children = (
				EB9F7A5D153137C2005F3219 /* libjpeg.8.dylib */,
				EB9F7A5E153137C2005F3219 /* libvncserver.dylib */,
				16BA96300A7EB9AC001E4983 /* Quartz.framework */,
				1058C7ADFEA557BF11CA2CBB /* Cocoa.framework */,
			);
			name = Frameworks;
			sourceTree = "<group>";
		};
		089C167CFE841241C02AAC07 /* Resources */ = {
			isa = PBXGroup;
			children = (
				7238D5500DB6988600E9A42D /* Settings.xib */,
				8D5B49B7048680CD000E48DA /* Info.plist */,
			);
			name = Resources;
			sourceTree = "<group>";
		};
		08FB77AFFE84173DC02AAC07 /* Classes */ = {
			isa = PBXGroup;
			children = (
				EB2A157E1128A6A700353B43 /* VNCServer.h */,
				EB2A157F1128A6A700353B43 /* VNCServer.m */,
				16BA95400A7EB2EB001E4983 /* VNCServerPlugIn.h */,
				16BA95410A7EB2EB001E4983 /* VNCServerPlugIn.m */,
				EBD66FDD112CD4BE00335393 /* VNCServerPlugIn.xml */,
				EBD66FEA112CD58500335393 /* QCXPlugIn.h */,
				EBD66FEB112CD5E700335393 /* QCXPlugIn.m */,
			);
			name = Classes;
			sourceTree = "<group>";
		};
		19C28FB8FE9D52D311CA2CBB /* Products */ = {
			isa = PBXGroup;
			children = (
				8D5B49B6048680CD000E48DA /* VNC Server.plugin */,
			);
			name = Products;
			sourceTree = "<group>";
		};
		32C88E010371C26100C91783 /* Other Sources */ = {
			isa = PBXGroup;
			children = (
				EB9F7A5C15312FB8005F3219 /* Readme.md */,
				16AA5C440A7EEE7300888E31 /* VNC Server_Prefix.pch */,
			);
			name = "Other Sources";
			sourceTree = "<group>";
		};
		EB8B4214117B66A0004C4432 /* Compositions */ = {
			isa = PBXGroup;
			children = (
				EB8B4219117B66EF004C4432 /* VNC Server.qtz */,
			);
			name = Compositions;
			sourceTree = "<group>";
		};
		EB9F7A6115313858005F3219 /* rfb */ = {
			isa = PBXGroup;
			children = (
				EB9F7A621531386D005F3219 /* default8x16.h */,
				EB9F7A631531386D005F3219 /* keysym.h */,
				EB9F7A641531386D005F3219 /* rfb.h */,
				EB9F7A651531386D005F3219 /* rfbclient.h */,
				EB9F7A661531386D005F3219 /* rfbconfig.h */,
				EB9F7A671531386D005F3219 /* rfbint.h */,
				EB9F7A681531386D005F3219 /* rfbproto.h */,
				EB9F7A691531386D005F3219 /* rfbregion.h */,
			);
			name = rfb;
			sourceTree = "<group>";
		};
/* End PBXGroup section */

/* Begin PBXNativeTarget section */
		8D5B49AC048680CD000E48DA /* VNC Server */ = {
			isa = PBXNativeTarget;
			buildConfigurationList = 1DEB913A08733D840010E9CD /* Build configuration list for PBXNativeTarget "VNC Server" */;
			buildPhases = (
				8D5B49AF048680CD000E48DA /* Resources */,
				8D5B49B1048680CD000E48DA /* Sources */,
				8D5B49B3048680CD000E48DA /* Frameworks */,
				EBD6708C112CEEEB00335393 /* Copy Frameworks */,
				EB9F7A7715314245005F3219 /* CopyFiles */,
			);
			buildRules = (
			);
			dependencies = (
			);
			name = "VNC Server";
			productInstallPath = "$(HOME)/Library/Bundles";
			productName = "Quartz Composer Plug In";
			productReference = 8D5B49B6048680CD000E48DA /* VNC Server.plugin */;
			productType = "com.apple.product-type.bundle";
		};
/* End PBXNativeTarget section */

/* Begin PBXProject section */
		089C1669FE841209C02AAC07 /* Project object */ = {
			isa = PBXProject;
			attributes = {
				LastUpgradeCheck = 0430;
			};
			buildConfigurationList = 1DEB913E08733D840010E9CD /* Build configuration list for PBXProject "VNC Server" */;
			compatibilityVersion = "Xcode 3.2";
			developmentRegion = English;
			hasScannedForEncodings = 1;
			knownRegions = (
				en,
			);
			mainGroup = 089C166AFE841209C02AAC07 /* Quartz Composer Plug In */;
			projectDirPath = "";
			projectRoot = "";
			targets = (
				8D5B49AC048680CD000E48DA /* VNC Server */,
			);
		};
/* End PBXProject section */

/* Begin PBXResourcesBuildPhase section */
		8D5B49AF048680CD000E48DA /* Resources */ = {
			isa = PBXResourcesBuildPhase;
			buildActionMask = 2147483647;
			files = (
				7238D5520DB6988600E9A42D /* Settings.xib in Resources */,
				EBD66FDE112CD4BE00335393 /* VNCServerPlugIn.xml in Resources */,
			);
			runOnlyForDeploymentPostprocessing = 0;
		};
/* End PBXResourcesBuildPhase section */

/* Begin PBXSourcesBuildPhase section */
		8D5B49B1048680CD000E48DA /* Sources */ = {
			isa = PBXSourcesBuildPhase;
			buildActionMask = 2147483647;
			files = (
				16BA95420A7EB2EB001E4983 /* VNCServerPlugIn.m in Sources */,
				EB2A15801128A6A700353B43 /* VNCServer.m in Sources */,
				EBD66FFE112CDD8300335393 /* QCXPlugIn.m in Sources */,
			);
			runOnlyForDeploymentPostprocessing = 0;
		};
/* End PBXSourcesBuildPhase section */

/* Begin PBXVariantGroup section */
		7238D5500DB6988600E9A42D /* Settings.xib */ = {
			isa = PBXVariantGroup;
			children = (
				7238D5510DB6988600E9A42D /* English */,
			);
			name = Settings.xib;
			sourceTree = "<group>";
		};
/* End PBXVariantGroup section */

/* Begin XCBuildConfiguration section */
		1DEB913B08733D840010E9CD /* Debug */ = {
			isa = XCBuildConfiguration;
			buildSettings = {
				COPY_PHASE_STRIP = NO;
				GCC_DYNAMIC_NO_PIC = NO;
				GCC_ENABLE_OBJC_GC = supported;
				GCC_MODEL_TUNING = G5;
				GCC_OPTIMIZATION_LEVEL = 0;
				GCC_PRECOMPILE_PREFIX_HEADER = YES;
				GCC_PREFIX_HEADER = "VNC Server_Prefix.pch";
				INFOPLIST_FILE = Info.plist;
				INSTALL_PATH = "$(HOME)/Library/Graphics/Quartz Composer Plug-Ins";
				LD_RUNPATH_SEARCH_PATHS = "";
				LIBRARY_SEARCH_PATHS = "\"$(SRCROOT)/lib\"";
				OTHER_CFLAGS = "";
				PRODUCT_NAME = "VNC Server";
				WRAPPER_EXTENSION = plugin;
				ZERO_LINK = YES;
			};
			name = Debug;
		};
		1DEB913C08733D840010E9CD /* Release */ = {
			isa = XCBuildConfiguration;
			buildSettings = {
				DEBUG_INFORMATION_FORMAT = "dwarf-with-dsym";
				GCC_ENABLE_OBJC_GC = supported;
				GCC_MODEL_TUNING = G5;
				GCC_PRECOMPILE_PREFIX_HEADER = YES;
				GCC_PREFIX_HEADER = "VNC Server_Prefix.pch";
				INFOPLIST_FILE = Info.plist;
				INSTALL_PATH = "$(HOME)/Library/Graphics/Quartz Composer Plug-Ins";
				LD_RUNPATH_SEARCH_PATHS = "";
				LIBRARY_SEARCH_PATHS = "\"$(SRCROOT)/lib\"";
				OTHER_CFLAGS = "";
				PRODUCT_NAME = "VNC Server";
				WRAPPER_EXTENSION = plugin;
			};
			name = Release;
		};
		1DEB913F08733D840010E9CD /* Debug */ = {
			isa = XCBuildConfiguration;
			buildSettings = {
				ARCHS = "$(ARCHS_STANDARD_32_64_BIT)";
				GCC_C_LANGUAGE_STANDARD = gnu99;
				GCC_WARN_ABOUT_RETURN_TYPE = YES;
				GCC_WARN_UNUSED_VARIABLE = YES;
				HEADER_SEARCH_PATHS = "\"$(SRCROOT)/include\"";
				ONLY_ACTIVE_ARCH = YES;
				SDKROOT = macosx;
			};
			name = Debug;
		};
		1DEB914008733D840010E9CD /* Release */ = {
			isa = XCBuildConfiguration;
			buildSettings = {
				ARCHS = "$(ARCHS_STANDARD_32_64_BIT)";
				GCC_C_LANGUAGE_STANDARD = gnu99;
				GCC_WARN_ABOUT_RETURN_TYPE = YES;
				GCC_WARN_UNUSED_VARIABLE = YES;
				HEADER_SEARCH_PATHS = "\"$(SRCROOT)/include\"";
				SDKROOT = macosx;
			};
			name = Release;
		};
/* End XCBuildConfiguration section */

/* Begin XCConfigurationList section */
		1DEB913A08733D840010E9CD /* Build configuration list for PBXNativeTarget "VNC Server" */ = {
			isa = XCConfigurationList;
			buildConfigurations = (
				1DEB913B08733D840010E9CD /* Debug */,
				1DEB913C08733D840010E9CD /* Release */,
			);
			defaultConfigurationIsVisible = 0;
			defaultConfigurationName = Release;
		};
		1DEB913E08733D840010E9CD /* Build configuration list for PBXProject "VNC Server" */ = {
			isa = XCConfigurationList;
			buildConfigurations = (
				1DEB913F08733D840010E9CD /* Debug */,
				1DEB914008733D840010E9CD /* Release */,
			);
			defaultConfigurationIsVisible = 0;
			defaultConfigurationName = Release;
		};
/* End XCConfigurationList section */
	};
	rootObject = 089C1669FE841209C02AAC07 /* Project object */;
}
